
Microsoft Visual Studio Solution File, Format Version 12.00
# Visual Studio Version 16
VisualStudioVersion = 16.0.31515.178
MinimumVisualStudioVersion = 10.0.40219.1
Project("{9A19103F-16F7-4668-BE54-9A1E7A4F7556}") = "TwentyOne", "TwentyOne\TwentyOne.csproj", "{8C748ED9-2B99-403F-B0F7-0DEEAF243502}"
EndProject
Project("{FAE04EC0-301F-11D3-BF4B-00C04F79EFBC}") = "Casino", "Casino\Casino.csproj", "{843988E2-21DD-4942-9906-965EFAD6954E}"
EndProject
Global
	GlobalSection(SolutionConfigurationPlatforms) = preSolution
		Debug|Any CPU = Debug|Any CPU
		Release|Any CPU = Release|Any CPU
	EndGlobalSection
	GlobalSection(ProjectConfigurationPlatforms) = postSolution
		{8C748ED9-2B99-403F-B0F7-0DEEAF243502}.Debug|Any CPU.ActiveCfg = Debug|Any CPU
		{8C748ED9-2B99-403F-B0F7-0DEEAF243502}.Debug|Any CPU.Build.0 = Debug|Any CPU
		{8C748ED9-2B99-403F-B0F7-0DEEAF243502}.Release|Any CPU.ActiveCfg = Release|Any CPU
		{8C748ED9-2B99-403F-B0F7-0DEEAF243502}.Release|Any CPU.Build.0 = Release|Any CPU
		{843988E2-21DD-4942-9906-965EFAD6954E}.Debug|Any CPU.ActiveCfg = Debug|Any CPU
		{843988E2-21DD-4942-9906-965EFAD6954E}.Debug|Any CPU.Build.0 = Debug|Any CPU
		{843988E2-21DD-4942-9906-965EFAD6954E}.Release|Any CPU.ActiveCfg = Release|Any CPU
		{843988E2-21DD-4942-9906-965EFAD6954E}.Release|Any CPU.Build.0 = Release|Any CPU
	EndGlobalSection
	GlobalSection(SolutionProperties) = preSolution
		HideSolutionNode = FALSE
	EndGlobalSection
	GlobalSection(ExtensibilityGlobals) = postSolution
		SolutionGuid = {6B180502-0EE0-4AFC-8E04-E7BDBEF05298}
	EndGlobalSection
EndGlobal
