
Microsoft Visual Studio Solution File, Format Version 12.00
# Visual Studio Version 16
VisualStudioVersion = 16.0.31605.320
MinimumVisualStudioVersion = 10.0.40219.1
Project("{FAE04EC0-301F-11D3-BF4B-00C04F79EFBC}") = "Scores", "Scores\Scores.csproj", "{7247403F-29D2-4B5F-B153-7ED5F9B5A5C2}"
EndProject
Global
	GlobalSection(SolutionConfigurationPlatforms) = preSolution
		Debug|Any CPU = Debug|Any CPU
		Release|Any CPU = Release|Any CPU
	EndGlobalSection
	GlobalSection(ProjectConfigurationPlatforms) = postSolution
		{7247403F-29D2-4B5F-B153-7ED5F9B5A5C2}.Debug|Any CPU.ActiveCfg = Debug|Any CPU
		{7247403F-29D2-4B5F-B153-7ED5F9B5A5C2}.Debug|Any CPU.Build.0 = Debug|Any CPU
		{7247403F-29D2-4B5F-B153-7ED5F9B5A5C2}.Release|Any CPU.ActiveCfg = Release|Any CPU
		{7247403F-29D2-4B5F-B153-7ED5F9B5A5C2}.Release|Any CPU.Build.0 = Release|Any CPU
	EndGlobalSection
	GlobalSection(SolutionProperties) = preSolution
		HideSolutionNode = FALSE
	EndGlobalSection
	GlobalSection(ExtensibilityGlobals) = postSolution
		SolutionGuid = {1B04B0D1-8BC2-41D9-9604-E26F0A09A68C}
	EndGlobalSection
EndGlobal
